
Microsoft Visual Studio Solution File, Format Version 12.00
# Visual Studio Version 16
VisualStudioVersion = 16.0.29926.136
MinimumVisualStudioVersion = 10.0.40219.1
Project("{FAE04EC0-301F-11D3-BF4B-00C04F79EFBC}") = "SqlServiceApp", "SqlServiceApp\SqlServiceApp.csproj", "{B4E29493-1B08-4E11-9B68-AE5F183542C0}"
EndProject
Global
	GlobalSection(SolutionConfigurationPlatforms) = preSolution
		Debug|Any CPU = Debug|Any CPU
		Release|Any CPU = Release|Any CPU
	EndGlobalSection
	GlobalSection(ProjectConfigurationPlatforms) = postSolution
		{B4E29493-1B08-4E11-9B68-AE5F183542C0}.Debug|Any CPU.ActiveCfg = Debug|Any CPU
		{B4E29493-1B08-4E11-9B68-AE5F183542C0}.Debug|Any CPU.Build.0 = Debug|Any CPU
		{B4E29493-1B08-4E11-9B68-AE5F183542C0}.Release|Any CPU.ActiveCfg = Release|Any CPU
		{B4E29493-1B08-4E11-9B68-AE5F183542C0}.Release|Any CPU.Build.0 = Release|Any CPU
	EndGlobalSection
	GlobalSection(SolutionProperties) = preSolution
		HideSolutionNode = FALSE
	EndGlobalSection
	GlobalSection(ExtensibilityGlobals) = postSolution
		SolutionGuid = {3414DF5D-EFE1-4B9E-B037-75D35C4F2E50}
	EndGlobalSection
EndGlobal
